{
  "name": "demo",
  "lockfileVersion": 2,
  "requires": true,
  "packages": {
    "": {
      "dependencies": {
        "@dcloudio/types": "^3.0.19"
      }
    },
    "node_modules/@dcloudio/types": {
      "version": "3.0.19",
      "resolved": "https://registry.npmmirror.com/@dcloudio/types/-/types-3.0.19.tgz",
      "integrity": "sha512-j5mmKskyAxGa3yD5s+M03mRJu6IjxesHJMsXLB3p4jhd2K8D1aqHB3XDrhwPRauOTrKkQSGF14bp8oQsS2t4tA=="
    }
  },
  "dependencies": {
    "@dcloudio/types": {
      "version": "3.0.19",
      "resolved": "https://registry.npmmirror.com/@dcloudio/types/-/types-3.0.19.tgz",
      "integrity": "sha512-j5mmKskyAxGa3yD5s+M03mRJu6IjxesHJMsXLB3p4jhd2K8D1aqHB3XDrhwPRauOTrKkQSGF14bp8oQsS2t4tA=="
    }
  }
}
